
Microsoft Visual Studio Solution File, Format Version 12.00
# Visual Studio 15
VisualStudioVersion = 15.0.28010.2026
MinimumVisualStudioVersion = 10.0.40219.1
Project("{FAE04EC0-301F-11D3-BF4B-00C04F79EFBC}") = "Redis_ConsoleApp", "ConsoleApp1\Redis_ConsoleApp.csproj", "{0C574E92-758F-4526-A397-B04057ED50AA}"
EndProject
Global
	GlobalSection(SolutionConfigurationPlatforms) = preSolution
		Debug|Any CPU = Debug|Any CPU
		Release|Any CPU = Release|Any CPU
	EndGlobalSection
	GlobalSection(ProjectConfigurationPlatforms) = postSolution
		{0C574E92-758F-4526-A397-B04057ED50AA}.Debug|Any CPU.ActiveCfg = Debug|Any CPU
		{0C574E92-758F-4526-A397-B04057ED50AA}.Debug|Any CPU.Build.0 = Debug|Any CPU
		{0C574E92-758F-4526-A397-B04057ED50AA}.Release|Any CPU.ActiveCfg = Release|Any CPU
		{0C574E92-758F-4526-A397-B04057ED50AA}.Release|Any CPU.Build.0 = Release|Any CPU
	EndGlobalSection
	GlobalSection(SolutionProperties) = preSolution
		HideSolutionNode = FALSE
	EndGlobalSection
	GlobalSection(ExtensibilityGlobals) = postSolution
		SolutionGuid = {24A9A96F-424A-4AE3-87D6-B4C00EB6D358}
	EndGlobalSection
EndGlobal
